<?xml version="1.0" encoding="utf-8"?>
<Project ToolsVersion="4.0" xmlns="http://schemas.microsoft.com/developer/msbuild/2003">
  <ItemGroup>
    <ClInclude Include="include\defines.h">
      <Filter>Header</Filter>
    </ClInclude>
    <ClInclude Include="include\3DS_UI.h">
      <Filter>Header</Filter>
    </ClInclude>
    <ClInclude Include="include\3DS_UI_DRAW.h" />
  </ItemGroup>
  <ItemGroup>
    <Filter Include="Source">
      <UniqueIdentifier>{b9c18cef-c5cb-41bf-9b58-e2811e426c1f}</UniqueIdentifier>
    </Filter>
    <Filter Include="Header">
      <UniqueIdentifier>{2af7677e-f6aa-4336-8cac-70378768f0df}</UniqueIdentifier>
    </Filter>
  </ItemGroup>
  <ItemGroup>
    <ClCompile Include="source\3DS_UI.cpp">
      <Filter>Source</Filter>
    </ClCompile>
    <ClCompile Include="source\3DS_UI_DRAW.cpp" />
  </ItemGroup>
  <ItemGroup>
    <None Include="Makefile" />
  </ItemGroup>
</Project>