<?xml version="1.0" encoding="utf-8"?>
<Project ToolsVersion="4.0" xmlns="http://schemas.microsoft.com/developer/msbuild/2003">
  <ItemGroup>
    <Filter Include="Source Files">
      <UniqueIdentifier>{4FC737F1-C7A5-4376-A066-2A32D752A2FF}</UniqueIdentifier>
      <Extensions>cpp;c;cc;cxx;def;odl;idl;hpj;bat;asm;asmx</Extensions>
    </Filter>
    <Filter Include="Header Files">
      <UniqueIdentifier>{93995380-89BD-4b04-88EB-625FBE52EBFB}</UniqueIdentifier>
      <Extensions>h;hh;hpp;hxx;hm;inl;inc;xsd</Extensions>
    </Filter>
    <Filter Include="Resource Files">
      <UniqueIdentifier>{67DA6AB6-F800-4c08-8B7A-83BB121AAD01}</UniqueIdentifier>
      <Extensions>rc;ico;cur;bmp;dlg;rc2;rct;bin;rgs;gif;jpg;jpeg;jpe;resx;tiff;tif;png;wav</Extensions>
    </Filter>
  </ItemGroup>
  <ItemGroup>
    <ClCompile Include="source\application.cpp">
      <Filter>Source Files</Filter>
    </ClCompile>
    <ClCompile Include="source\dataHandler.cpp">
      <Filter>Source Files</Filter>
    </ClCompile>
    <ClCompile Include="source\download.cpp">
      <Filter>Source Files</Filter>
    </ClCompile>
    <ClCompile Include="source\draw.cpp">
      <Filter>Source Files</Filter>
    </ClCompile>
    <ClCompile Include="source\font1.cpp">
      <Filter>Source Files</Filter>
    </ClCompile>
    <ClCompile Include="source\font_roboto.cpp">
      <Filter>Source Files</Filter>
    </ClCompile>
    <ClCompile Include="source\font_roboto_small.cpp">
      <Filter>Source Files</Filter>
    </ClCompile>
    <ClCompile Include="source\gui.cpp">
      <Filter>Source Files</Filter>
    </ClCompile>
    <ClCompile Include="source\input.cpp">
      <Filter>Source Files</Filter>
    </ClCompile>
    <ClCompile Include="source\main.cpp">
      <Filter>Source Files</Filter>
    </ClCompile>
    <ClCompile Include="source\music.cpp">
      <Filter>Source Files</Filter>
    </ClCompile>
    <ClCompile Include="source\settings.cpp">
      <Filter>Source Files</Filter>
    </ClCompile>
    <ClCompile Include="source\splash.cpp">
      <Filter>Source Files</Filter>
    </ClCompile>
    <ClCompile Include="source\utils.cpp">
      <Filter>Source Files</Filter>
    </ClCompile>
    <ClCompile Include="source\font.c">
      <Filter>Source Files</Filter>
    </ClCompile>
    <ClCompile Include="source\error.cpp">
      <Filter>Source Files</Filter>
    </ClCompile>
    <ClCompile Include="source\print.cpp">
      <Filter>Source Files</Filter>
    </ClCompile>
  </ItemGroup>
  <ItemGroup>
    <ClInclude Include="build\font_bin.h">
      <Filter>Header Files</Filter>
    </ClInclude>
    <ClInclude Include="build\offline_bin.h">
      <Filter>Header Files</Filter>
    </ClInclude>
    <ClInclude Include="build\splash_bin.h">
      <Filter>Header Files</Filter>
    </ClInclude>
    <ClInclude Include="include\application.h">
      <Filter>Header Files</Filter>
    </ClInclude>
    <ClInclude Include="include\ascii64.h">
      <Filter>Header Files</Filter>
    </ClInclude>
    <ClInclude Include="include\dataHandler.h">
      <Filter>Header Files</Filter>
    </ClInclude>
    <ClInclude Include="include\download.h">
      <Filter>Header Files</Filter>
    </ClInclude>
    <ClInclude Include="include\draw.h">
      <Filter>Header Files</Filter>
    </ClInclude>
    <ClInclude Include="include\font.h">
      <Filter>Header Files</Filter>
    </ClInclude>
    <ClInclude Include="include\gui.h">
      <Filter>Header Files</Filter>
    </ClInclude>
    <ClInclude Include="include\input.h">
      <Filter>Header Files</Filter>
    </ClInclude>
    <ClInclude Include="include\main.h">
      <Filter>Header Files</Filter>
    </ClInclude>
    <ClInclude Include="include\music.h">
      <Filter>Header Files</Filter>
    </ClInclude>
    <ClInclude Include="include\settings.h">
      <Filter>Header Files</Filter>
    </ClInclude>
    <ClInclude Include="include\splash.h">
      <Filter>Header Files</Filter>
    </ClInclude>
    <ClInclude Include="include\utils.h">
      <Filter>Header Files</Filter>
    </ClInclude>
    <ClInclude Include="source\picojson.h">
      <Filter>Header Files</Filter>
    </ClInclude>
    <ClInclude Include="include\error.h">
      <Filter>Header Files</Filter>
    </ClInclude>
    <ClInclude Include="include\ConvertUTF.h">
      <Filter>Header Files</Filter>
    </ClInclude>
    <ClInclude Include="include\md5.h">
      <Filter>Header Files</Filter>
    </ClInclude>
    <ClInclude Include="include\SimpleIni.h">
      <Filter>Header Files</Filter>
    </ClInclude>
    <ClInclude Include="include\print.h">
      <Filter>Header Files</Filter>
    </ClInclude>
  </ItemGroup>
  <ItemGroup>
    <None Include="data\font.bin">
      <Filter>Resource Files</Filter>
    </None>
    <None Include="data\offline.bin">
      <Filter>Resource Files</Filter>
    </None>
    <None Include="data\splash.bin">
      <Filter>Resource Files</Filter>
    </None>
  </ItemGroup>
</Project>